
Microsoft Visual Studio Solution File, Format Version 12.00
# Visual Studio Version 17
VisualStudioVersion = 17.8.34316.72
MinimumVisualStudioVersion = 10.0.40219.1
Project("{888888A0-9F3D-457C-B088-3A5042F75D52}") = "opencv_wpilibpi", "opencv_wpilibpi.pyproj", "{BE9222CB-D170-46B0-8F80-6D22F31CBE71}"
EndProject
Global
	GlobalSection(SolutionConfigurationPlatforms) = preSolution
		Debug|Any CPU = Debug|Any CPU
		Release|Any CPU = Release|Any CPU
	EndGlobalSection
	GlobalSection(ProjectConfigurationPlatforms) = postSolution
		{BE9222CB-D170-46B0-8F80-6D22F31CBE71}.Debug|Any CPU.ActiveCfg = Debug|Any CPU
		{BE9222CB-D170-46B0-8F80-6D22F31CBE71}.Release|Any CPU.ActiveCfg = Release|Any CPU
	EndGlobalSection
	GlobalSection(SolutionProperties) = preSolution
		HideSolutionNode = FALSE
	EndGlobalSection
	GlobalSection(ExtensibilityGlobals) = postSolution
		SolutionGuid = {90CF9A4E-395C-488E-821D-D2FBADD24FF6}
	EndGlobalSection
EndGlobal
